
Microsoft Visual Studio Solution File, Format Version 12.00
# Visual Studio 15
VisualStudioVersion = 15.0.27428.2011
MinimumVisualStudioVersion = 10.0.40219.1
Project("{FAE04EC0-301F-11D3-BF4B-00C04F79EFBC}") = "WebUITests", "WebUITests\WebUITests.csproj", "{95C57179-73E0-42AF-A97D-7947425BB89D}"
EndProject
Project("{2150E333-8FDC-42A3-9474-1A3956D46DE8}") = "Lesson1", "Lesson1", "{5FFE95AE-E99A-4194-A90E-C78315C7045E}"
EndProject
Project("{2150E333-8FDC-42A3-9474-1A3956D46DE8}") = "Begin", "Begin", "{1840C087-2106-44AA-B66C-8F226C1E2663}"
EndProject
Project("{2150E333-8FDC-42A3-9474-1A3956D46DE8}") = "Integer", "Integer", "{E8365AF4-0DFF-475B-A983-611912830C36}"
EndProject
Project("{FAE04EC0-301F-11D3-BF4B-00C04F79EFBC}") = "Task01", "..\..\..\C#LESSONS\C#LESSONS(NEW)\C#LESSONS(NEW)\C#LESSONS(NEW)\C#LESSONS(NEW)\C#LESSONS(NEW)\C#LESSONS(NEW)\WorkSpace19_03_2018\Begin\Task1\Task01.csproj", "{62D02C61-E25C-4162-9CB0-F86C89E76B89}"
EndProject
Project("{FAE04EC0-301F-11D3-BF4B-00C04F79EFBC}") = "Task02", "..\..\..\C#LESSONS\C#LESSONS(NEW)\C#LESSONS(NEW)\C#LESSONS(NEW)\C#LESSONS(NEW)\C#LESSONS(NEW)\C#LESSONS(NEW)\WorkSpace19_03_2018\Begin\Task2\Task02.csproj", "{A3DDC0BA-47FC-4199-8488-0DFF077F3E9B}"
EndProject
Project("{FAE04EC0-301F-11D3-BF4B-00C04F79EFBC}") = "Task03", "..\..\..\C#LESSONS\C#LESSONS(NEW)\C#LESSONS(NEW)\C#LESSONS(NEW)\C#LESSONS(NEW)\C#LESSONS(NEW)\C#LESSONS(NEW)\WorkSpace19_03_2018\Begin\Task3\Task03.csproj", "{1EC4C995-75E2-4108-8451-BC9C7B34194A}"
EndProject
Project("{FAE04EC0-301F-11D3-BF4B-00C04F79EFBC}") = "Task04", "..\..\..\C#LESSONS\C#LESSONS(NEW)\C#LESSONS(NEW)\C#LESSONS(NEW)\C#LESSONS(NEW)\C#LESSONS(NEW)\C#LESSONS(NEW)\WorkSpace19_03_2018\Begin\Task4\Task04.csproj", "{7DF616BD-42E3-4498-8355-73FCBB969BAE}"
EndProject
Project("{FAE04EC0-301F-11D3-BF4B-00C04F79EFBC}") = "Task05", "..\..\..\C#LESSONS\C#LESSONS(NEW)\C#LESSONS(NEW)\C#LESSONS(NEW)\C#LESSONS(NEW)\C#LESSONS(NEW)\C#LESSONS(NEW)\WorkSpace19_03_2018\Begin\Task5\Task05.csproj", "{CF9B2405-016C-4AE9-BD1C-14899EC71ACE}"
EndProject
Project("{FAE04EC0-301F-11D3-BF4B-00C04F79EFBC}") = "Task06", "..\..\..\C#LESSONS\C#LESSONS(NEW)\C#LESSONS(NEW)\C#LESSONS(NEW)\C#LESSONS(NEW)\C#LESSONS(NEW)\C#LESSONS(NEW)\WorkSpace19_03_2018\Begin\Task6\Task06.csproj", "{BE3606FE-F0B4-44B6-A730-8F912F7D0679}"
EndProject
Project("{FAE04EC0-301F-11D3-BF4B-00C04F79EFBC}") = "Task07", "..\..\..\C#LESSONS\C#LESSONS(NEW)\C#LESSONS(NEW)\C#LESSONS(NEW)\C#LESSONS(NEW)\C#LESSONS(NEW)\C#LESSONS(NEW)\WorkSpace19_03_2018\Begin\Task7\Task07.csproj", "{16B1D740-569B-4F75-B77F-54C0C9B04C33}"
EndProject
Project("{FAE04EC0-301F-11D3-BF4B-00C04F79EFBC}") = "Task08", "..\..\..\C#LESSONS\C#LESSONS(NEW)\C#LESSONS(NEW)\C#LESSONS(NEW)\C#LESSONS(NEW)\C#LESSONS(NEW)\C#LESSONS(NEW)\WorkSpace19_03_2018\Begin\Task8\Task08.csproj", "{0419870C-5151-417B-A810-1695A93CA614}"
EndProject
Project("{FAE04EC0-301F-11D3-BF4B-00C04F79EFBC}") = "Task09", "..\..\..\C#LESSONS\C#LESSONS(NEW)\C#LESSONS(NEW)\C#LESSONS(NEW)\C#LESSONS(NEW)\C#LESSONS(NEW)\C#LESSONS(NEW)\WorkSpace19_03_2018\Begin\Task9\Task09.csproj", "{7171FD2E-CA42-44BF-B0E3-CE6C7CA2F448}"
EndProject
Project("{FAE04EC0-301F-11D3-BF4B-00C04F79EFBC}") = "Task10", "..\..\..\C#LESSONS\C#LESSONS(NEW)\C#LESSONS(NEW)\C#LESSONS(NEW)\C#LESSONS(NEW)\C#LESSONS(NEW)\C#LESSONS(NEW)\WorkSpace19_03_2018\Begin\Task10\Task10.csproj", "{FD084BFA-063E-4EAE-8286-9B22ABAFC17D}"
EndProject
Project("{FAE04EC0-301F-11D3-BF4B-00C04F79EFBC}") = "Task01", "..\..\..\C#LESSONS\C#LESSONS(NEW)\C#LESSONS(NEW)\C#LESSONS(NEW)\C#LESSONS(NEW)\C#LESSONS(NEW)\C#LESSONS(NEW)\WorkSpace19_03_2018\Integer\Task01\Task01.csproj", "{C518B70B-64D1-48C9-88DC-27ABA6A19946}"
EndProject
Project("{FAE04EC0-301F-11D3-BF4B-00C04F79EFBC}") = "Task02", "..\..\..\C#LESSONS\C#LESSONS(NEW)\C#LESSONS(NEW)\C#LESSONS(NEW)\C#LESSONS(NEW)\C#LESSONS(NEW)\C#LESSONS(NEW)\WorkSpace19_03_2018\Integer\Task02\Task02.csproj", "{43DEDE5C-4DCC-4C33-B3CD-9B860ED9FE82}"
EndProject
Project("{FAE04EC0-301F-11D3-BF4B-00C04F79EFBC}") = "Task03", "..\..\..\C#LESSONS\C#LESSONS(NEW)\C#LESSONS(NEW)\C#LESSONS(NEW)\C#LESSONS(NEW)\C#LESSONS(NEW)\C#LESSONS(NEW)\WorkSpace19_03_2018\Integer\Task03\Task03.csproj", "{65E12C91-4964-4F77-A0B8-3EB747E4DF20}"
EndProject
Project("{FAE04EC0-301F-11D3-BF4B-00C04F79EFBC}") = "Task04", "..\..\..\C#LESSONS\C#LESSONS(NEW)\C#LESSONS(NEW)\C#LESSONS(NEW)\C#LESSONS(NEW)\C#LESSONS(NEW)\C#LESSONS(NEW)\WorkSpace19_03_2018\Integer\Task04\Task04.csproj", "{91FE1257-C55C-4262-AB4C-231DA18248B4}"
EndProject
Project("{FAE04EC0-301F-11D3-BF4B-00C04F79EFBC}") = "Task05", "..\..\..\C#LESSONS\C#LESSONS(NEW)\C#LESSONS(NEW)\C#LESSONS(NEW)\C#LESSONS(NEW)\C#LESSONS(NEW)\C#LESSONS(NEW)\WorkSpace19_03_2018\Integer\Task05\Task05.csproj", "{3084DE63-3658-490C-8840-B810833385B0}"
EndProject
Project("{2150E333-8FDC-42A3-9474-1A3956D46DE8}") = "Bollean", "Bollean", "{D254B3E6-11ED-4544-A77E-478F1300062B}"
EndProject
Project("{FAE04EC0-301F-11D3-BF4B-00C04F79EFBC}") = "BooleanTask01", "..\..\..\C#LESSONS\C#LESSONS(NEW)\C#LESSONS(NEW)\C#LESSONS(NEW)\C#LESSONS(NEW)\C#LESSONS(NEW)\C#LESSONS(NEW)\WorkSpace19_03_2018\Boolean\BooleanTask01\BooleanTask01.csproj", "{0262A9C6-A6B6-4BC0-9925-9EF156E650CF}"
EndProject
Project("{FAE04EC0-301F-11D3-BF4B-00C04F79EFBC}") = "BooleanTask02", "..\..\..\C#LESSONS\C#LESSONS(NEW)\C#LESSONS(NEW)\C#LESSONS(NEW)\C#LESSONS(NEW)\C#LESSONS(NEW)\C#LESSONS(NEW)\WorkSpace19_03_2018\Boolean\BooleanTask02\BooleanTask02.csproj", "{29041A0F-711B-48B1-B779-67FD0816B322}"
EndProject
Project("{FAE04EC0-301F-11D3-BF4B-00C04F79EFBC}") = "BooleanTask03", "..\..\..\C#LESSONS\C#LESSONS(NEW)\C#LESSONS(NEW)\C#LESSONS(NEW)\C#LESSONS(NEW)\C#LESSONS(NEW)\C#LESSONS(NEW)\WorkSpace19_03_2018\Boolean\BooleanTask03\BooleanTask03.csproj", "{852FB33C-5FEE-4024-AD26-F9E52FAD3B8F}"
EndProject
Project("{FAE04EC0-301F-11D3-BF4B-00C04F79EFBC}") = "BooleanTask04", "..\..\..\C#LESSONS\C#LESSONS(NEW)\C#LESSONS(NEW)\C#LESSONS(NEW)\C#LESSONS(NEW)\C#LESSONS(NEW)\C#LESSONS(NEW)\WorkSpace19_03_2018\Boolean\BooleanTask04\BooleanTask04.csproj", "{4222D800-A486-452A-BFA5-45F3E17EE5ED}"
EndProject
Project("{FAE04EC0-301F-11D3-BF4B-00C04F79EFBC}") = "BooleanTask05", "..\..\..\C#LESSONS\C#LESSONS(NEW)\C#LESSONS(NEW)\C#LESSONS(NEW)\C#LESSONS(NEW)\C#LESSONS(NEW)\C#LESSONS(NEW)\WorkSpace19_03_2018\Boolean\BooleanTask05\BooleanTask05.csproj", "{2F865216-B51E-4B6E-90BF-00F109B862A7}"
EndProject
Project("{2150E333-8FDC-42A3-9474-1A3956D46DE8}") = "If", "If", "{7A4815A5-1D67-40D4-8504-0BAAA9E093E4}"
EndProject
Project("{2150E333-8FDC-42A3-9474-1A3956D46DE8}") = "Lesson2", "Lesson2", "{7FC3904D-EAD2-42CA-B712-BDA1C884732D}"
EndProject
Project("{FAE04EC0-301F-11D3-BF4B-00C04F79EFBC}") = "IfTask01", "..\..\..\C#LESSONS\C#LESSONS(NEW)\C#LESSONS(NEW)\C#LESSONS(NEW)\C#LESSONS(NEW)\C#LESSONS(NEW)\C#LESSONS(NEW)\WorkSpace19_03_2018\If\IfTask01\IfTask01.csproj", "{3E5883FB-08DC-476D-9FD2-8A27A4A18EA5}"
EndProject
Project("{FAE04EC0-301F-11D3-BF4B-00C04F79EFBC}") = "IfTask02", "..\..\..\C#LESSONS\C#LESSONS(NEW)\C#LESSONS(NEW)\C#LESSONS(NEW)\C#LESSONS(NEW)\C#LESSONS(NEW)\C#LESSONS(NEW)\WorkSpace19_03_2018\If\IfTask02\IfTask02.csproj", "{E611D774-1577-4061-9D49-90BFE2532389}"
EndProject
Project("{FAE04EC0-301F-11D3-BF4B-00C04F79EFBC}") = "IfTask03", "..\..\..\C#LESSONS\C#LESSONS(NEW)\C#LESSONS(NEW)\C#LESSONS(NEW)\C#LESSONS(NEW)\C#LESSONS(NEW)\C#LESSONS(NEW)\WorkSpace19_03_2018\If\IfTask03\IfTask03.csproj", "{9DBB8A09-A99D-4B77-89C2-C037B8EC53BF}"
EndProject
Project("{FAE04EC0-301F-11D3-BF4B-00C04F79EFBC}") = "IfTask04", "..\..\..\C#LESSONS\C#LESSONS(NEW)\C#LESSONS(NEW)\C#LESSONS(NEW)\C#LESSONS(NEW)\C#LESSONS(NEW)\C#LESSONS(NEW)\WorkSpace19_03_2018\If\IfTask04\IfTask04.csproj", "{7F989B67-62CC-4849-9BF6-BFA8FF398A1F}"
EndProject
Project("{FAE04EC0-301F-11D3-BF4B-00C04F79EFBC}") = "IfTask05", "..\..\..\C#LESSONS\C#LESSONS(NEW)\C#LESSONS(NEW)\C#LESSONS(NEW)\C#LESSONS(NEW)\C#LESSONS(NEW)\C#LESSONS(NEW)\WorkSpace19_03_2018\If\IfTask05\IfTask05.csproj", "{A59E8B9A-8182-4657-BB95-96412E2F6E90}"
EndProject
Project("{2150E333-8FDC-42A3-9474-1A3956D46DE8}") = "Lesson3", "Lesson3", "{6D480678-2F07-4E19-86E0-9AFA6A0C1FDF}"
EndProject
Project("{FAE04EC0-301F-11D3-BF4B-00C04F79EFBC}") = "Test01", "..\..\..\C#LESSONS\C#LESSONS(NEW)\C#LESSONS(NEW)\C#LESSONS(NEW)\C#LESSONS(NEW)\C#LESSONS(NEW)\C#LESSONS(NEW)\WorkSpace19_03_2018\Infopulse\Test01\Test01.csproj", "{B3468153-365F-4E3B-A4AF-301D0B76678B}"
EndProject
Project("{2150E333-8FDC-42A3-9474-1A3956D46DE8}") = "Infopulse", "Infopulse", "{D96A830D-79C7-4016-A7E4-B8F1BC7C5697}"
EndProject
Project("{FAE04EC0-301F-11D3-BF4B-00C04F79EFBC}") = "Test02", "..\..\..\C#LESSONS\C#LESSONS(NEW)\C#LESSONS(NEW)\C#LESSONS(NEW)\C#LESSONS(NEW)\C#LESSONS(NEW)\C#LESSONS(NEW)\WorkSpace19_03_2018\Infopulse\Test02\Test02.csproj", "{39129CAD-6B6A-47A6-AC45-16DF763D430E}"
EndProject
Project("{FAE04EC0-301F-11D3-BF4B-00C04F79EFBC}") = "Task06", "..\..\..\C#LESSONS\C#LESSONS(NEW)\C#LESSONS(NEW)\C#LESSONS(NEW)\C#LESSONS(NEW)\C#LESSONS(NEW)\C#LESSONS(NEW)\WorkSpace19_03_2018\Integer\Task06\Task06.csproj", "{6497D873-97E3-46A4-BA02-27A359B7E594}"
EndProject
Project("{FAE04EC0-301F-11D3-BF4B-00C04F79EFBC}") = "Task07", "..\..\..\C#LESSONS\C#LESSONS(NEW)\C#LESSONS(NEW)\C#LESSONS(NEW)\C#LESSONS(NEW)\C#LESSONS(NEW)\C#LESSONS(NEW)\WorkSpace19_03_2018\Integer\Task07\Task07.csproj", "{BDA9DF57-0A0E-4C7E-B84A-B2F13DAF90D0}"
EndProject
Project("{FAE04EC0-301F-11D3-BF4B-00C04F79EFBC}") = "Task08", "..\..\..\C#LESSONS\C#LESSONS(NEW)\C#LESSONS(NEW)\C#LESSONS(NEW)\C#LESSONS(NEW)\C#LESSONS(NEW)\C#LESSONS(NEW)\WorkSpace19_03_2018\Integer\Task08\Task08.csproj", "{8C2CDB5A-AEFB-4746-83D8-0F85AAE82FE9}"
EndProject
Project("{FAE04EC0-301F-11D3-BF4B-00C04F79EFBC}") = "Task09", "..\..\..\C#LESSONS\C#LESSONS(NEW)\C#LESSONS(NEW)\C#LESSONS(NEW)\C#LESSONS(NEW)\C#LESSONS(NEW)\C#LESSONS(NEW)\WorkSpace19_03_2018\Integer\Task09\Task09.csproj", "{DADA5382-3224-42B8-BF63-C2E2CCC0FB3F}"
EndProject
Project("{FAE04EC0-301F-11D3-BF4B-00C04F79EFBC}") = "Task10", "..\..\..\C#LESSONS\C#LESSONS(NEW)\C#LESSONS(NEW)\C#LESSONS(NEW)\C#LESSONS(NEW)\C#LESSONS(NEW)\C#LESSONS(NEW)\WorkSpace19_03_2018\Integer\Task10\Task10.csproj", "{E1BEF1A5-2217-4FE0-AA2A-DA13E170E2AC}"
EndProject
Project("{FAE04EC0-301F-11D3-BF4B-00C04F79EFBC}") = "CaseTask01", "..\..\..\C#LESSONS\C#LESSONS(NEW)\C#LESSONS(NEW)\C#LESSONS(NEW)\C#LESSONS(NEW)\C#LESSONS(NEW)\C#LESSONS(NEW)\WorkSpace19_03_2018\Case\CaseTask01\CaseTask01.csproj", "{037DBCC1-7D36-4E9F-AA37-5D77D08DB1A4}"
EndProject
Project("{2150E333-8FDC-42A3-9474-1A3956D46DE8}") = "Lesson4", "Lesson4", "{DDDE1D91-CC81-44E7-92D9-8F1FB173FAA7}"
EndProject
Project("{2150E333-8FDC-42A3-9474-1A3956D46DE8}") = "For", "For", "{80B5729B-CF76-4FA8-8984-2FAC6770655A}"
EndProject
Project("{FAE04EC0-301F-11D3-BF4B-00C04F79EFBC}") = "ForTask01", "..\..\..\C#LESSONS\C#LESSONS(NEW)\C#LESSONS(NEW)\C#LESSONS(NEW)\C#LESSONS(NEW)\C#LESSONS(NEW)\C#LESSONS(NEW)\WorkSpace19_03_2018\For\ForTask01\ForTask01.csproj", "{7EE54EED-1A54-4254-AB57-CB1945A06A9C}"
EndProject
Project("{FAE04EC0-301F-11D3-BF4B-00C04F79EFBC}") = "ForTask02", "..\..\..\C#LESSONS\C#LESSONS(NEW)\C#LESSONS(NEW)\C#LESSONS(NEW)\C#LESSONS(NEW)\C#LESSONS(NEW)\C#LESSONS(NEW)\WorkSpace19_03_2018\For\ForTask02\ForTask02.csproj", "{BB980398-E6EA-4DE3-ACAC-E045633B24C6}"
EndProject
Project("{FAE04EC0-301F-11D3-BF4B-00C04F79EFBC}") = "ForTask03", "..\..\..\C#LESSONS\C#LESSONS(NEW)\C#LESSONS(NEW)\C#LESSONS(NEW)\C#LESSONS(NEW)\C#LESSONS(NEW)\C#LESSONS(NEW)\WorkSpace19_03_2018\For\ForTask03\ForTask03\ForTask03.csproj", "{204A16CB-0C7D-452B-BD66-672678208528}"
EndProject
Project("{FAE04EC0-301F-11D3-BF4B-00C04F79EFBC}") = "ForTask04", "..\..\..\C#LESSONS\C#LESSONS(NEW)\C#LESSONS(NEW)\C#LESSONS(NEW)\C#LESSONS(NEW)\C#LESSONS(NEW)\C#LESSONS(NEW)\WorkSpace19_03_2018\For\ForTask04\ForTask04.csproj", "{59424D99-A366-40C7-8E6E-EC3CF4C77767}"
EndProject
Project("{FAE04EC0-301F-11D3-BF4B-00C04F79EFBC}") = "ForTask05", "..\..\..\C#LESSONS\C#LESSONS(NEW)\C#LESSONS(NEW)\C#LESSONS(NEW)\C#LESSONS(NEW)\C#LESSONS(NEW)\C#LESSONS(NEW)\WorkSpace19_03_2018\For\ForTask05\ForTask05.csproj", "{EF1E2C54-7E4A-4C43-9B51-CABD207EAE10}"
EndProject
Project("{FAE04EC0-301F-11D3-BF4B-00C04F79EFBC}") = "ForTask06", "..\..\..\C#LESSONS\C#LESSONS(NEW)\C#LESSONS(NEW)\C#LESSONS(NEW)\C#LESSONS(NEW)\C#LESSONS(NEW)\C#LESSONS(NEW)\WorkSpace19_03_2018\For\ForTask06\ForTask06.csproj", "{D6E55353-F2CF-44A5-B679-7F1B6C7AAE80}"
EndProject
Project("{FAE04EC0-301F-11D3-BF4B-00C04F79EFBC}") = "ForTask07", "..\..\..\C#LESSONS\C#LESSONS(NEW)\C#LESSONS(NEW)\C#LESSONS(NEW)\C#LESSONS(NEW)\C#LESSONS(NEW)\C#LESSONS(NEW)\WorkSpace19_03_2018\For\ForTask07\ForTask07.csproj", "{29C3A526-AF5B-453A-B0A0-B78457FC6399}"
EndProject
Project("{FAE04EC0-301F-11D3-BF4B-00C04F79EFBC}") = "ForTask08", "..\..\..\C#LESSONS\C#LESSONS(NEW)\C#LESSONS(NEW)\C#LESSONS(NEW)\C#LESSONS(NEW)\C#LESSONS(NEW)\C#LESSONS(NEW)\WorkSpace19_03_2018\For\ForTask08\ForTask08.csproj", "{A6E4CE6F-B676-468D-8E30-E607912B3923}"
EndProject
Project("{FAE04EC0-301F-11D3-BF4B-00C04F79EFBC}") = "ForTask09", "..\..\..\C#LESSONS\C#LESSONS(NEW)\C#LESSONS(NEW)\C#LESSONS(NEW)\C#LESSONS(NEW)\C#LESSONS(NEW)\C#LESSONS(NEW)\WorkSpace19_03_2018\For\ForTask09\ForTask09.csproj", "{172DA2A2-07EF-44A9-8486-8BB2215A1FED}"
EndProject
Project("{FAE04EC0-301F-11D3-BF4B-00C04F79EFBC}") = "ForTask10", "..\..\..\C#LESSONS\C#LESSONS(NEW)\C#LESSONS(NEW)\C#LESSONS(NEW)\C#LESSONS(NEW)\C#LESSONS(NEW)\C#LESSONS(NEW)\WorkSpace19_03_2018\For\ForTask10\ForTask10.csproj", "{9352B4D1-0261-4ABE-BAAD-A29E13BFF44A}"
EndProject
Project("{2150E333-8FDC-42A3-9474-1A3956D46DE8}") = "While", "While", "{327535E4-CCB6-4222-81D0-F86E043A1389}"
EndProject
Project("{FAE04EC0-301F-11D3-BF4B-00C04F79EFBC}") = "WhileTask01", "..\..\..\C#LESSONS\C#LESSONS(NEW)\C#LESSONS(NEW)\C#LESSONS(NEW)\C#LESSONS(NEW)\C#LESSONS(NEW)\C#LESSONS(NEW)\WorkSpace19_03_2018\While\WhileTask01\WhileTask01.csproj", "{DC3744CB-8FC7-416C-85F1-23A45C7D1049}"
EndProject
Project("{FAE04EC0-301F-11D3-BF4B-00C04F79EFBC}") = "WhileTask02", "..\..\..\C#LESSONS\C#LESSONS(NEW)\C#LESSONS(NEW)\C#LESSONS(NEW)\C#LESSONS(NEW)\C#LESSONS(NEW)\C#LESSONS(NEW)\WorkSpace19_03_2018\While\WhileTask02\WhileTask02.csproj", "{DC6F0B10-331B-4237-8D70-9A8417E417FF}"
EndProject
Project("{FAE04EC0-301F-11D3-BF4B-00C04F79EFBC}") = "WhileTask03", "..\..\..\C#LESSONS\C#LESSONS(NEW)\C#LESSONS(NEW)\C#LESSONS(NEW)\C#LESSONS(NEW)\C#LESSONS(NEW)\C#LESSONS(NEW)\WorkSpace19_03_2018\While\WhileTask03\WhileTask03.csproj", "{FC6331FC-0F0E-4952-A137-FB8DC4612D89}"
EndProject
Project("{FAE04EC0-301F-11D3-BF4B-00C04F79EFBC}") = "WhileTask04", "..\..\..\C#LESSONS\C#LESSONS(NEW)\C#LESSONS(NEW)\C#LESSONS(NEW)\C#LESSONS(NEW)\C#LESSONS(NEW)\C#LESSONS(NEW)\WorkSpace19_03_2018\While\WhileTask04\WhileTask04.csproj", "{7CC2721D-DB91-4AE5-89A4-1F1B69875710}"
EndProject
Project("{FAE04EC0-301F-11D3-BF4B-00C04F79EFBC}") = "WhileTask05", "..\..\..\C#LESSONS\C#LESSONS(NEW)\C#LESSONS(NEW)\C#LESSONS(NEW)\C#LESSONS(NEW)\C#LESSONS(NEW)\C#LESSONS(NEW)\WorkSpace19_03_2018\While\WhileTask05\WhileTask05.csproj", "{B3306C00-D9F0-4310-839A-57700B64F492}"
EndProject
Project("{2150E333-8FDC-42A3-9474-1A3956D46DE8}") = "Series", "Series", "{B56F61B6-FBB8-459B-BA37-5C71BA664F9B}"
EndProject
Project("{FAE04EC0-301F-11D3-BF4B-00C04F79EFBC}") = "SeriesTask01", "..\..\..\C#LESSONS\C#LESSONS(NEW)\C#LESSONS(NEW)\C#LESSONS(NEW)\C#LESSONS(NEW)\C#LESSONS(NEW)\C#LESSONS(NEW)\WorkSpace19_03_2018\Series\SeriesTask01\SeriesTask01.csproj", "{82681FD9-8545-4812-BE2B-5C3218C8AB5F}"
EndProject
Project("{FAE04EC0-301F-11D3-BF4B-00C04F79EFBC}") = "SeriesTask02", "..\..\..\C#LESSONS\C#LESSONS(NEW)\C#LESSONS(NEW)\C#LESSONS(NEW)\C#LESSONS(NEW)\C#LESSONS(NEW)\C#LESSONS(NEW)\WorkSpace19_03_2018\Series\SeriesTask02\SeriesTask02.csproj", "{42720AC6-974E-43D3-A11B-9FA2640B04F4}"
EndProject
Project("{FAE04EC0-301F-11D3-BF4B-00C04F79EFBC}") = "SeriesTask03", "..\..\..\C#LESSONS\C#LESSONS(NEW)\C#LESSONS(NEW)\C#LESSONS(NEW)\C#LESSONS(NEW)\C#LESSONS(NEW)\C#LESSONS(NEW)\WorkSpace19_03_2018\Series\SeriesTask03\SeriesTask03.csproj", "{C28A762F-3172-465C-B5CD-AFBAC71AED9B}"
EndProject
Project("{FAE04EC0-301F-11D3-BF4B-00C04F79EFBC}") = "SeriesTask04", "..\..\..\C#LESSONS\C#LESSONS(NEW)\C#LESSONS(NEW)\C#LESSONS(NEW)\C#LESSONS(NEW)\C#LESSONS(NEW)\C#LESSONS(NEW)\WorkSpace19_03_2018\Series\SeriesTask04\SeriesTask04.csproj", "{F4EEF344-58DB-457A-A70C-1EC197F9220A}"
EndProject
Project("{FAE04EC0-301F-11D3-BF4B-00C04F79EFBC}") = "SeriesTask05", "..\..\..\C#LESSONS\C#LESSONS(NEW)\C#LESSONS(NEW)\C#LESSONS(NEW)\C#LESSONS(NEW)\C#LESSONS(NEW)\C#LESSONS(NEW)\WorkSpace19_03_2018\Series\SeriesTask05\SeriesTask05.csproj", "{FF54AA7A-4390-44BC-B89D-6BC6E0B53830}"
EndProject
Project("{2150E333-8FDC-42A3-9474-1A3956D46DE8}") = "Lesson5", "Lesson5", "{4599859E-BBE7-4E1E-9055-B38F0246EC3F}"
EndProject
Project("{2150E333-8FDC-42A3-9474-1A3956D46DE8}") = "Array", "Array", "{FF6F1F85-CC53-449E-B457-087E4435481C}"
EndProject
Project("{FAE04EC0-301F-11D3-BF4B-00C04F79EFBC}") = "ArrayTask01", "..\..\..\C#LESSONS\C#LESSONS(NEW)\C#LESSONS(NEW)\C#LESSONS(NEW)\C#LESSONS(NEW)\C#LESSONS(NEW)\C#LESSONS(NEW)\WorkSpace19_03_2018\Array\ArrayTask01\ArrayTask01.csproj", "{0D4C1D30-8643-4673-8A0E-4B20D1E92590}"
EndProject
Project("{FAE04EC0-301F-11D3-BF4B-00C04F79EFBC}") = "ArrayTask02", "..\..\..\C#LESSONS\C#LESSONS(NEW)\C#LESSONS(NEW)\C#LESSONS(NEW)\C#LESSONS(NEW)\C#LESSONS(NEW)\C#LESSONS(NEW)\WorkSpace19_03_2018\Array\ArrayTask02\ArrayTask02.csproj", "{C97E6A44-B6FA-46D5-A944-8BF2F50BE3B3}"
EndProject
Project("{FAE04EC0-301F-11D3-BF4B-00C04F79EFBC}") = "ArrayTask03", "..\..\..\C#LESSONS\C#LESSONS(NEW)\C#LESSONS(NEW)\C#LESSONS(NEW)\C#LESSONS(NEW)\C#LESSONS(NEW)\C#LESSONS(NEW)\WorkSpace19_03_2018\Array\ArrayTask03\ArrayTask03.csproj", "{616E7FF8-3B01-410E-9544-7C7E1D831046}"
EndProject
Project("{FAE04EC0-301F-11D3-BF4B-00C04F79EFBC}") = "ArrayTask04", "..\..\..\C#LESSONS\C#LESSONS(NEW)\C#LESSONS(NEW)\C#LESSONS(NEW)\C#LESSONS(NEW)\C#LESSONS(NEW)\C#LESSONS(NEW)\WorkSpace19_03_2018\Array\ArrayTask04\ArrayTask04.csproj", "{D513AFD7-74E9-4521-BD22-C345BEB5E199}"
EndProject
Project("{FAE04EC0-301F-11D3-BF4B-00C04F79EFBC}") = "ArrayTask05", "..\..\..\C#LESSONS\C#LESSONS(NEW)\C#LESSONS(NEW)\C#LESSONS(NEW)\C#LESSONS(NEW)\C#LESSONS(NEW)\C#LESSONS(NEW)\WorkSpace19_03_2018\Array\ArrayTask05\ArrayTask05.csproj", "{3F3C7662-9C1F-49C4-BBAE-CAE5C30E398A}"
EndProject
Project("{FAE04EC0-301F-11D3-BF4B-00C04F79EFBC}") = "ArrayTask06", "..\..\..\C#LESSONS\C#LESSONS(NEW)\C#LESSONS(NEW)\C#LESSONS(NEW)\C#LESSONS(NEW)\C#LESSONS(NEW)\C#LESSONS(NEW)\WorkSpace19_03_2018\Array\ArrayTask06\ArrayTask06.csproj", "{61CDDADF-E5E9-48D0-A839-B501A2DB20DC}"
EndProject
Project("{FAE04EC0-301F-11D3-BF4B-00C04F79EFBC}") = "ArrayTask07", "..\..\..\C#LESSONS\C#LESSONS(NEW)\C#LESSONS(NEW)\C#LESSONS(NEW)\C#LESSONS(NEW)\C#LESSONS(NEW)\C#LESSONS(NEW)\WorkSpace19_03_2018\Array\ArrayTask07\ArrayTask07.csproj", "{DD9C6DB6-004D-4142-93A8-C49D36BE90B7}"
EndProject
Project("{FAE04EC0-301F-11D3-BF4B-00C04F79EFBC}") = "ArrayTask08", "..\..\..\C#LESSONS\C#LESSONS(NEW)\C#LESSONS(NEW)\C#LESSONS(NEW)\C#LESSONS(NEW)\C#LESSONS(NEW)\C#LESSONS(NEW)\WorkSpace19_03_2018\Array\ArrayTask08\ArrayTask08.csproj", "{00255758-5C7A-41C0-807C-EA35A012707A}"
EndProject
Project("{FAE04EC0-301F-11D3-BF4B-00C04F79EFBC}") = "ArrayTask09", "..\..\..\C#LESSONS\C#LESSONS(NEW)\C#LESSONS(NEW)\C#LESSONS(NEW)\C#LESSONS(NEW)\C#LESSONS(NEW)\C#LESSONS(NEW)\WorkSpace19_03_2018\Array\ArrayTask09\ArrayTask09.csproj", "{BD4BDFA1-57B7-4107-9E1D-C2D041FF915A}"
EndProject
Project("{FAE04EC0-301F-11D3-BF4B-00C04F79EFBC}") = "Test03", "..\..\..\C#LESSONS\C#LESSONS(NEW)\C#LESSONS(NEW)\C#LESSONS(NEW)\C#LESSONS(NEW)\C#LESSONS(NEW)\C#LESSONS(NEW)\WorkSpace19_03_2018\Infopulse\Test03\Test03.csproj", "{161384B8-8B17-4CB3-8009-E709E4D38621}"
EndProject
Project("{2150E333-8FDC-42A3-9474-1A3956D46DE8}") = "Lesson6", "Lesson6", "{A1EA1389-7344-4644-90E4-95D9802B218B}"
EndProject
Project("{FAE04EC0-301F-11D3-BF4B-00C04F79EFBC}") = "Product", "..\..\..\C#LESSONS\C#LESSONS(NEW)\C#LESSONS(NEW)\C#LESSONS(NEW)\C#LESSONS(NEW)\C#LESSONS(NEW)\C#LESSONS(NEW)\WorkSpace19_03_2018\Product\Product\Product.csproj", "{14AF4E68-6312-41F0-AFDA-E94BF04F3D1F}"
EndProject
Project("{FAE04EC0-301F-11D3-BF4B-00C04F79EFBC}") = "Test04", "..\..\..\C#LESSONS\C#LESSONS(NEW)\C#LESSONS(NEW)\C#LESSONS(NEW)\C#LESSONS(NEW)\C#LESSONS(NEW)\C#LESSONS(NEW)\WorkSpace19_03_2018\Infopulse\Test04\Test04.csproj", "{782FCCD5-5FF0-479B-9F89-AEEB8A5CF666}"
EndProject
Project("{FAE04EC0-301F-11D3-BF4B-00C04F79EFBC}") = "Test05", "..\..\..\C#LESSONS\C#LESSONS(NEW)\C#LESSONS(NEW)\C#LESSONS(NEW)\C#LESSONS(NEW)\C#LESSONS(NEW)\C#LESSONS(NEW)\WorkSpace19_03_2018\Infopulse\Test05\Test05.csproj", "{76B50D2C-7C08-44E4-B447-8C5DF07F620A}"
EndProject
Project("{2150E333-8FDC-42A3-9474-1A3956D46DE8}") = "Lesson7", "Lesson7", "{A451B5CC-19F0-478E-85E9-C4D624E53F47}"
EndProject
Project("{FAE04EC0-301F-11D3-BF4B-00C04F79EFBC}") = "Product1", "..\..\..\C#LESSONS\C#LESSONS(NEW)\C#LESSONS(NEW)\C#LESSONS(NEW)\C#LESSONS(NEW)\C#LESSONS(NEW)\C#LESSONS(NEW)\WorkSpace19_03_2018\Product01\Product1\Product1.csproj", "{DE77DACD-2F86-4C4C-A05D-560147B553CB}"
EndProject
Project("{FAE04EC0-301F-11D3-BF4B-00C04F79EFBC}") = "Test06", "..\..\..\C#LESSONS\C#LESSONS(NEW)\C#LESSONS(NEW)\C#LESSONS(NEW)\C#LESSONS(NEW)\C#LESSONS(NEW)\C#LESSONS(NEW)\WorkSpace19_03_2018\Infopulse\Test06\Test06.csproj", "{29026F6D-6064-48EE-960F-226AF31A928B}"
EndProject
Project("{FAE04EC0-301F-11D3-BF4B-00C04F79EFBC}") = "Test07", "..\..\..\C#LESSONS\C#LESSONS(NEW)\C#LESSONS(NEW)\C#LESSONS(NEW)\C#LESSONS(NEW)\C#LESSONS(NEW)\C#LESSONS(NEW)\WorkSpace19_03_2018\Infopulse\Test07\Test07.csproj", "{E814F1DA-466A-4E4E-975C-A9B47133526C}"
EndProject
Project("{FAE04EC0-301F-11D3-BF4B-00C04F79EFBC}") = "Test07.1", "..\..\..\C#LESSONS\C#LESSONS(NEW)\C#LESSONS(NEW)\C#LESSONS(NEW)\C#LESSONS(NEW)\C#LESSONS(NEW)\C#LESSONS(NEW)\WorkSpace19_03_2018\Infopulse\Test07.1\Test07.1.csproj", "{FC8BEDE0-F5CC-4274-BAA6-3C87EBDFC10D}"
EndProject
Global
	GlobalSection(SolutionConfigurationPlatforms) = preSolution
		Debug|Any CPU = Debug|Any CPU
		Release|Any CPU = Release|Any CPU
	EndGlobalSection
	GlobalSection(ProjectConfigurationPlatforms) = postSolution
		{95C57179-73E0-42AF-A97D-7947425BB89D}.Debug|Any CPU.ActiveCfg = Debug|Any CPU
		{95C57179-73E0-42AF-A97D-7947425BB89D}.Debug|Any CPU.Build.0 = Debug|Any CPU
		{95C57179-73E0-42AF-A97D-7947425BB89D}.Release|Any CPU.ActiveCfg = Release|Any CPU
		{95C57179-73E0-42AF-A97D-7947425BB89D}.Release|Any CPU.Build.0 = Release|Any CPU
		{62D02C61-E25C-4162-9CB0-F86C89E76B89}.Debug|Any CPU.ActiveCfg = Debug|Any CPU
		{62D02C61-E25C-4162-9CB0-F86C89E76B89}.Debug|Any CPU.Build.0 = Debug|Any CPU
		{62D02C61-E25C-4162-9CB0-F86C89E76B89}.Release|Any CPU.ActiveCfg = Release|Any CPU
		{62D02C61-E25C-4162-9CB0-F86C89E76B89}.Release|Any CPU.Build.0 = Release|Any CPU
		{A3DDC0BA-47FC-4199-8488-0DFF077F3E9B}.Debug|Any CPU.ActiveCfg = Debug|Any CPU
		{A3DDC0BA-47FC-4199-8488-0DFF077F3E9B}.Debug|Any CPU.Build.0 = Debug|Any CPU
		{A3DDC0BA-47FC-4199-8488-0DFF077F3E9B}.Release|Any CPU.ActiveCfg = Release|Any CPU
		{A3DDC0BA-47FC-4199-8488-0DFF077F3E9B}.Release|Any CPU.Build.0 = Release|Any CPU
		{1EC4C995-75E2-4108-8451-BC9C7B34194A}.Debug|Any CPU.ActiveCfg = Debug|Any CPU
		{1EC4C995-75E2-4108-8451-BC9C7B34194A}.Debug|Any CPU.Build.0 = Debug|Any CPU
		{1EC4C995-75E2-4108-8451-BC9C7B34194A}.Release|Any CPU.ActiveCfg = Release|Any CPU
		{1EC4C995-75E2-4108-8451-BC9C7B34194A}.Release|Any CPU.Build.0 = Release|Any CPU
		{7DF616BD-42E3-4498-8355-73FCBB969BAE}.Debug|Any CPU.ActiveCfg = Debug|Any CPU
		{7DF616BD-42E3-4498-8355-73FCBB969BAE}.Debug|Any CPU.Build.0 = Debug|Any CPU
		{7DF616BD-42E3-4498-8355-73FCBB969BAE}.Release|Any CPU.ActiveCfg = Release|Any CPU
		{7DF616BD-42E3-4498-8355-73FCBB969BAE}.Release|Any CPU.Build.0 = Release|Any CPU
		{CF9B2405-016C-4AE9-BD1C-14899EC71ACE}.Debug|Any CPU.ActiveCfg = Debug|Any CPU
		{CF9B2405-016C-4AE9-BD1C-14899EC71ACE}.Debug|Any CPU.Build.0 = Debug|Any CPU
		{CF9B2405-016C-4AE9-BD1C-14899EC71ACE}.Release|Any CPU.ActiveCfg = Release|Any CPU
		{CF9B2405-016C-4AE9-BD1C-14899EC71ACE}.Release|Any CPU.Build.0 = Release|Any CPU
		{BE3606FE-F0B4-44B6-A730-8F912F7D0679}.Debug|Any CPU.ActiveCfg = Debug|Any CPU
		{BE3606FE-F0B4-44B6-A730-8F912F7D0679}.Debug|Any CPU.Build.0 = Debug|Any CPU
		{BE3606FE-F0B4-44B6-A730-8F912F7D0679}.Release|Any CPU.ActiveCfg = Release|Any CPU
		{BE3606FE-F0B4-44B6-A730-8F912F7D0679}.Release|Any CPU.Build.0 = Release|Any CPU
		{16B1D740-569B-4F75-B77F-54C0C9B04C33}.Debug|Any CPU.ActiveCfg = Debug|Any CPU
		{16B1D740-569B-4F75-B77F-54C0C9B04C33}.Debug|Any CPU.Build.0 = Debug|Any CPU
		{16B1D740-569B-4F75-B77F-54C0C9B04C33}.Release|Any CPU.ActiveCfg = Release|Any CPU
		{16B1D740-569B-4F75-B77F-54C0C9B04C33}.Release|Any CPU.Build.0 = Release|Any CPU
		{0419870C-5151-417B-A810-1695A93CA614}.Debug|Any CPU.ActiveCfg = Debug|Any CPU
		{0419870C-5151-417B-A810-1695A93CA614}.Debug|Any CPU.Build.0 = Debug|Any CPU
		{0419870C-5151-417B-A810-1695A93CA614}.Release|Any CPU.ActiveCfg = Release|Any CPU
		{0419870C-5151-417B-A810-1695A93CA614}.Release|Any CPU.Build.0 = Release|Any CPU
		{7171FD2E-CA42-44BF-B0E3-CE6C7CA2F448}.Debug|Any CPU.ActiveCfg = Debug|Any CPU
		{7171FD2E-CA42-44BF-B0E3-CE6C7CA2F448}.Debug|Any CPU.Build.0 = Debug|Any CPU
		{7171FD2E-CA42-44BF-B0E3-CE6C7CA2F448}.Release|Any CPU.ActiveCfg = Release|Any CPU
		{7171FD2E-CA42-44BF-B0E3-CE6C7CA2F448}.Release|Any CPU.Build.0 = Release|Any CPU
		{FD084BFA-063E-4EAE-8286-9B22ABAFC17D}.Debug|Any CPU.ActiveCfg = Debug|Any CPU
		{FD084BFA-063E-4EAE-8286-9B22ABAFC17D}.Debug|Any CPU.Build.0 = Debug|Any CPU
		{FD084BFA-063E-4EAE-8286-9B22ABAFC17D}.Release|Any CPU.ActiveCfg = Release|Any CPU
		{FD084BFA-063E-4EAE-8286-9B22ABAFC17D}.Release|Any CPU.Build.0 = Release|Any CPU
		{C518B70B-64D1-48C9-88DC-27ABA6A19946}.Debug|Any CPU.ActiveCfg = Debug|Any CPU
		{C518B70B-64D1-48C9-88DC-27ABA6A19946}.Debug|Any CPU.Build.0 = Debug|Any CPU
		{C518B70B-64D1-48C9-88DC-27ABA6A19946}.Release|Any CPU.ActiveCfg = Release|Any CPU
		{C518B70B-64D1-48C9-88DC-27ABA6A19946}.Release|Any CPU.Build.0 = Release|Any CPU
		{43DEDE5C-4DCC-4C33-B3CD-9B860ED9FE82}.Debug|Any CPU.ActiveCfg = Debug|Any CPU
		{43DEDE5C-4DCC-4C33-B3CD-9B860ED9FE82}.Debug|Any CPU.Build.0 = Debug|Any CPU
		{43DEDE5C-4DCC-4C33-B3CD-9B860ED9FE82}.Release|Any CPU.ActiveCfg = Release|Any CPU
		{43DEDE5C-4DCC-4C33-B3CD-9B860ED9FE82}.Release|Any CPU.Build.0 = Release|Any CPU
		{65E12C91-4964-4F77-A0B8-3EB747E4DF20}.Debug|Any CPU.ActiveCfg = Debug|Any CPU
		{65E12C91-4964-4F77-A0B8-3EB747E4DF20}.Debug|Any CPU.Build.0 = Debug|Any CPU
		{65E12C91-4964-4F77-A0B8-3EB747E4DF20}.Release|Any CPU.ActiveCfg = Release|Any CPU
		{65E12C91-4964-4F77-A0B8-3EB747E4DF20}.Release|Any CPU.Build.0 = Release|Any CPU
		{91FE1257-C55C-4262-AB4C-231DA18248B4}.Debug|Any CPU.ActiveCfg = Debug|Any CPU
		{91FE1257-C55C-4262-AB4C-231DA18248B4}.Debug|Any CPU.Build.0 = Debug|Any CPU
		{91FE1257-C55C-4262-AB4C-231DA18248B4}.Release|Any CPU.ActiveCfg = Release|Any CPU
		{91FE1257-C55C-4262-AB4C-231DA18248B4}.Release|Any CPU.Build.0 = Release|Any CPU
		{3084DE63-3658-490C-8840-B810833385B0}.Debug|Any CPU.ActiveCfg = Debug|Any CPU
		{3084DE63-3658-490C-8840-B810833385B0}.Debug|Any CPU.Build.0 = Debug|Any CPU
		{3084DE63-3658-490C-8840-B810833385B0}.Release|Any CPU.ActiveCfg = Release|Any CPU
		{3084DE63-3658-490C-8840-B810833385B0}.Release|Any CPU.Build.0 = Release|Any CPU
		{0262A9C6-A6B6-4BC0-9925-9EF156E650CF}.Debug|Any CPU.ActiveCfg = Debug|Any CPU
		{0262A9C6-A6B6-4BC0-9925-9EF156E650CF}.Debug|Any CPU.Build.0 = Debug|Any CPU
		{0262A9C6-A6B6-4BC0-9925-9EF156E650CF}.Release|Any CPU.ActiveCfg = Release|Any CPU
		{0262A9C6-A6B6-4BC0-9925-9EF156E650CF}.Release|Any CPU.Build.0 = Release|Any CPU
		{29041A0F-711B-48B1-B779-67FD0816B322}.Debug|Any CPU.ActiveCfg = Debug|Any CPU
		{29041A0F-711B-48B1-B779-67FD0816B322}.Debug|Any CPU.Build.0 = Debug|Any CPU
		{29041A0F-711B-48B1-B779-67FD0816B322}.Release|Any CPU.ActiveCfg = Release|Any CPU
		{29041A0F-711B-48B1-B779-67FD0816B322}.Release|Any CPU.Build.0 = Release|Any CPU
		{852FB33C-5FEE-4024-AD26-F9E52FAD3B8F}.Debug|Any CPU.ActiveCfg = Debug|Any CPU
		{852FB33C-5FEE-4024-AD26-F9E52FAD3B8F}.Debug|Any CPU.Build.0 = Debug|Any CPU
		{852FB33C-5FEE-4024-AD26-F9E52FAD3B8F}.Release|Any CPU.ActiveCfg = Release|Any CPU
		{852FB33C-5FEE-4024-AD26-F9E52FAD3B8F}.Release|Any CPU.Build.0 = Release|Any CPU
		{4222D800-A486-452A-BFA5-45F3E17EE5ED}.Debug|Any CPU.ActiveCfg = Debug|Any CPU
		{4222D800-A486-452A-BFA5-45F3E17EE5ED}.Debug|Any CPU.Build.0 = Debug|Any CPU
		{4222D800-A486-452A-BFA5-45F3E17EE5ED}.Release|Any CPU.ActiveCfg = Release|Any CPU
		{4222D800-A486-452A-BFA5-45F3E17EE5ED}.Release|Any CPU.Build.0 = Release|Any CPU
		{2F865216-B51E-4B6E-90BF-00F109B862A7}.Debug|Any CPU.ActiveCfg = Debug|Any CPU
		{2F865216-B51E-4B6E-90BF-00F109B862A7}.Debug|Any CPU.Build.0 = Debug|Any CPU
		{2F865216-B51E-4B6E-90BF-00F109B862A7}.Release|Any CPU.ActiveCfg = Release|Any CPU
		{2F865216-B51E-4B6E-90BF-00F109B862A7}.Release|Any CPU.Build.0 = Release|Any CPU
		{3E5883FB-08DC-476D-9FD2-8A27A4A18EA5}.Debug|Any CPU.ActiveCfg = Debug|Any CPU
		{3E5883FB-08DC-476D-9FD2-8A27A4A18EA5}.Debug|Any CPU.Build.0 = Debug|Any CPU
		{3E5883FB-08DC-476D-9FD2-8A27A4A18EA5}.Release|Any CPU.ActiveCfg = Release|Any CPU
		{3E5883FB-08DC-476D-9FD2-8A27A4A18EA5}.Release|Any CPU.Build.0 = Release|Any CPU
		{E611D774-1577-4061-9D49-90BFE2532389}.Debug|Any CPU.ActiveCfg = Debug|Any CPU
		{E611D774-1577-4061-9D49-90BFE2532389}.Debug|Any CPU.Build.0 = Debug|Any CPU
		{E611D774-1577-4061-9D49-90BFE2532389}.Release|Any CPU.ActiveCfg = Release|Any CPU
		{E611D774-1577-4061-9D49-90BFE2532389}.Release|Any CPU.Build.0 = Release|Any CPU
		{9DBB8A09-A99D-4B77-89C2-C037B8EC53BF}.Debug|Any CPU.ActiveCfg = Debug|Any CPU
		{9DBB8A09-A99D-4B77-89C2-C037B8EC53BF}.Debug|Any CPU.Build.0 = Debug|Any CPU
		{9DBB8A09-A99D-4B77-89C2-C037B8EC53BF}.Release|Any CPU.ActiveCfg = Release|Any CPU
		{9DBB8A09-A99D-4B77-89C2-C037B8EC53BF}.Release|Any CPU.Build.0 = Release|Any CPU
		{7F989B67-62CC-4849-9BF6-BFA8FF398A1F}.Debug|Any CPU.ActiveCfg = Debug|Any CPU
		{7F989B67-62CC-4849-9BF6-BFA8FF398A1F}.Debug|Any CPU.Build.0 = Debug|Any CPU
		{7F989B67-62CC-4849-9BF6-BFA8FF398A1F}.Release|Any CPU.ActiveCfg = Release|Any CPU
		{7F989B67-62CC-4849-9BF6-BFA8FF398A1F}.Release|Any CPU.Build.0 = Release|Any CPU
		{A59E8B9A-8182-4657-BB95-96412E2F6E90}.Debug|Any CPU.ActiveCfg = Debug|Any CPU
		{A59E8B9A-8182-4657-BB95-96412E2F6E90}.Debug|Any CPU.Build.0 = Debug|Any CPU
		{A59E8B9A-8182-4657-BB95-96412E2F6E90}.Release|Any CPU.ActiveCfg = Release|Any CPU
		{A59E8B9A-8182-4657-BB95-96412E2F6E90}.Release|Any CPU.Build.0 = Release|Any CPU
		{B3468153-365F-4E3B-A4AF-301D0B76678B}.Debug|Any CPU.ActiveCfg = Debug|Any CPU
		{B3468153-365F-4E3B-A4AF-301D0B76678B}.Debug|Any CPU.Build.0 = Debug|Any CPU
		{B3468153-365F-4E3B-A4AF-301D0B76678B}.Release|Any CPU.ActiveCfg = Release|Any CPU
		{B3468153-365F-4E3B-A4AF-301D0B76678B}.Release|Any CPU.Build.0 = Release|Any CPU
		{39129CAD-6B6A-47A6-AC45-16DF763D430E}.Debug|Any CPU.ActiveCfg = Debug|Any CPU
		{39129CAD-6B6A-47A6-AC45-16DF763D430E}.Debug|Any CPU.Build.0 = Debug|Any CPU
		{39129CAD-6B6A-47A6-AC45-16DF763D430E}.Release|Any CPU.ActiveCfg = Release|Any CPU
		{39129CAD-6B6A-47A6-AC45-16DF763D430E}.Release|Any CPU.Build.0 = Release|Any CPU
		{6497D873-97E3-46A4-BA02-27A359B7E594}.Debug|Any CPU.ActiveCfg = Debug|Any CPU
		{6497D873-97E3-46A4-BA02-27A359B7E594}.Debug|Any CPU.Build.0 = Debug|Any CPU
		{6497D873-97E3-46A4-BA02-27A359B7E594}.Release|Any CPU.ActiveCfg = Release|Any CPU
		{6497D873-97E3-46A4-BA02-27A359B7E594}.Release|Any CPU.Build.0 = Release|Any CPU
		{BDA9DF57-0A0E-4C7E-B84A-B2F13DAF90D0}.Debug|Any CPU.ActiveCfg = Debug|Any CPU
		{BDA9DF57-0A0E-4C7E-B84A-B2F13DAF90D0}.Debug|Any CPU.Build.0 = Debug|Any CPU
		{BDA9DF57-0A0E-4C7E-B84A-B2F13DAF90D0}.Release|Any CPU.ActiveCfg = Release|Any CPU
		{BDA9DF57-0A0E-4C7E-B84A-B2F13DAF90D0}.Release|Any CPU.Build.0 = Release|Any CPU
		{8C2CDB5A-AEFB-4746-83D8-0F85AAE82FE9}.Debug|Any CPU.ActiveCfg = Debug|Any CPU
		{8C2CDB5A-AEFB-4746-83D8-0F85AAE82FE9}.Debug|Any CPU.Build.0 = Debug|Any CPU
		{8C2CDB5A-AEFB-4746-83D8-0F85AAE82FE9}.Release|Any CPU.ActiveCfg = Release|Any CPU
		{8C2CDB5A-AEFB-4746-83D8-0F85AAE82FE9}.Release|Any CPU.Build.0 = Release|Any CPU
		{DADA5382-3224-42B8-BF63-C2E2CCC0FB3F}.Debug|Any CPU.ActiveCfg = Debug|Any CPU
		{DADA5382-3224-42B8-BF63-C2E2CCC0FB3F}.Debug|Any CPU.Build.0 = Debug|Any CPU
		{DADA5382-3224-42B8-BF63-C2E2CCC0FB3F}.Release|Any CPU.ActiveCfg = Release|Any CPU
		{DADA5382-3224-42B8-BF63-C2E2CCC0FB3F}.Release|Any CPU.Build.0 = Release|Any CPU
		{E1BEF1A5-2217-4FE0-AA2A-DA13E170E2AC}.Debug|Any CPU.ActiveCfg = Debug|Any CPU
		{E1BEF1A5-2217-4FE0-AA2A-DA13E170E2AC}.Debug|Any CPU.Build.0 = Debug|Any CPU
		{E1BEF1A5-2217-4FE0-AA2A-DA13E170E2AC}.Release|Any CPU.ActiveCfg = Release|Any CPU
		{E1BEF1A5-2217-4FE0-AA2A-DA13E170E2AC}.Release|Any CPU.Build.0 = Release|Any CPU
		{037DBCC1-7D36-4E9F-AA37-5D77D08DB1A4}.Debug|Any CPU.ActiveCfg = Debug|Any CPU
		{037DBCC1-7D36-4E9F-AA37-5D77D08DB1A4}.Debug|Any CPU.Build.0 = Debug|Any CPU
		{037DBCC1-7D36-4E9F-AA37-5D77D08DB1A4}.Release|Any CPU.ActiveCfg = Release|Any CPU
		{037DBCC1-7D36-4E9F-AA37-5D77D08DB1A4}.Release|Any CPU.Build.0 = Release|Any CPU
		{7EE54EED-1A54-4254-AB57-CB1945A06A9C}.Debug|Any CPU.ActiveCfg = Debug|Any CPU
		{7EE54EED-1A54-4254-AB57-CB1945A06A9C}.Debug|Any CPU.Build.0 = Debug|Any CPU
		{7EE54EED-1A54-4254-AB57-CB1945A06A9C}.Release|Any CPU.ActiveCfg = Release|Any CPU
		{7EE54EED-1A54-4254-AB57-CB1945A06A9C}.Release|Any CPU.Build.0 = Release|Any CPU
		{BB980398-E6EA-4DE3-ACAC-E045633B24C6}.Debug|Any CPU.ActiveCfg = Debug|Any CPU
		{BB980398-E6EA-4DE3-ACAC-E045633B24C6}.Debug|Any CPU.Build.0 = Debug|Any CPU
		{BB980398-E6EA-4DE3-ACAC-E045633B24C6}.Release|Any CPU.ActiveCfg = Release|Any CPU
		{BB980398-E6EA-4DE3-ACAC-E045633B24C6}.Release|Any CPU.Build.0 = Release|Any CPU
		{204A16CB-0C7D-452B-BD66-672678208528}.Debug|Any CPU.ActiveCfg = Debug|Any CPU
		{204A16CB-0C7D-452B-BD66-672678208528}.Debug|Any CPU.Build.0 = Debug|Any CPU
		{204A16CB-0C7D-452B-BD66-672678208528}.Release|Any CPU.ActiveCfg = Release|Any CPU
		{204A16CB-0C7D-452B-BD66-672678208528}.Release|Any CPU.Build.0 = Release|Any CPU
		{59424D99-A366-40C7-8E6E-EC3CF4C77767}.Debug|Any CPU.ActiveCfg = Debug|Any CPU
		{59424D99-A366-40C7-8E6E-EC3CF4C77767}.Debug|Any CPU.Build.0 = Debug|Any CPU
		{59424D99-A366-40C7-8E6E-EC3CF4C77767}.Release|Any CPU.ActiveCfg = Release|Any CPU
		{59424D99-A366-40C7-8E6E-EC3CF4C77767}.Release|Any CPU.Build.0 = Release|Any CPU
		{EF1E2C54-7E4A-4C43-9B51-CABD207EAE10}.Debug|Any CPU.ActiveCfg = Debug|Any CPU
		{EF1E2C54-7E4A-4C43-9B51-CABD207EAE10}.Debug|Any CPU.Build.0 = Debug|Any CPU
		{EF1E2C54-7E4A-4C43-9B51-CABD207EAE10}.Release|Any CPU.ActiveCfg = Release|Any CPU
		{EF1E2C54-7E4A-4C43-9B51-CABD207EAE10}.Release|Any CPU.Build.0 = Release|Any CPU
		{D6E55353-F2CF-44A5-B679-7F1B6C7AAE80}.Debug|Any CPU.ActiveCfg = Debug|Any CPU
		{D6E55353-F2CF-44A5-B679-7F1B6C7AAE80}.Debug|Any CPU.Build.0 = Debug|Any CPU
		{D6E55353-F2CF-44A5-B679-7F1B6C7AAE80}.Release|Any CPU.ActiveCfg = Release|Any CPU
		{D6E55353-F2CF-44A5-B679-7F1B6C7AAE80}.Release|Any CPU.Build.0 = Release|Any CPU
		{29C3A526-AF5B-453A-B0A0-B78457FC6399}.Debug|Any CPU.ActiveCfg = Debug|Any CPU
		{29C3A526-AF5B-453A-B0A0-B78457FC6399}.Debug|Any CPU.Build.0 = Debug|Any CPU
		{29C3A526-AF5B-453A-B0A0-B78457FC6399}.Release|Any CPU.ActiveCfg = Release|Any CPU
		{29C3A526-AF5B-453A-B0A0-B78457FC6399}.Release|Any CPU.Build.0 = Release|Any CPU
		{A6E4CE6F-B676-468D-8E30-E607912B3923}.Debug|Any CPU.ActiveCfg = Debug|Any CPU
		{A6E4CE6F-B676-468D-8E30-E607912B3923}.Debug|Any CPU.Build.0 = Debug|Any CPU
		{A6E4CE6F-B676-468D-8E30-E607912B3923}.Release|Any CPU.ActiveCfg = Release|Any CPU
		{A6E4CE6F-B676-468D-8E30-E607912B3923}.Release|Any CPU.Build.0 = Release|Any CPU
		{172DA2A2-07EF-44A9-8486-8BB2215A1FED}.Debug|Any CPU.ActiveCfg = Debug|Any CPU
		{172DA2A2-07EF-44A9-8486-8BB2215A1FED}.Debug|Any CPU.Build.0 = Debug|Any CPU
		{172DA2A2-07EF-44A9-8486-8BB2215A1FED}.Release|Any CPU.ActiveCfg = Release|Any CPU
		{172DA2A2-07EF-44A9-8486-8BB2215A1FED}.Release|Any CPU.Build.0 = Release|Any CPU
		{9352B4D1-0261-4ABE-BAAD-A29E13BFF44A}.Debug|Any CPU.ActiveCfg = Debug|Any CPU
		{9352B4D1-0261-4ABE-BAAD-A29E13BFF44A}.Debug|Any CPU.Build.0 = Debug|Any CPU
		{9352B4D1-0261-4ABE-BAAD-A29E13BFF44A}.Release|Any CPU.ActiveCfg = Release|Any CPU
		{9352B4D1-0261-4ABE-BAAD-A29E13BFF44A}.Release|Any CPU.Build.0 = Release|Any CPU
		{DC3744CB-8FC7-416C-85F1-23A45C7D1049}.Debug|Any CPU.ActiveCfg = Debug|Any CPU
		{DC3744CB-8FC7-416C-85F1-23A45C7D1049}.Debug|Any CPU.Build.0 = Debug|Any CPU
		{DC3744CB-8FC7-416C-85F1-23A45C7D1049}.Release|Any CPU.ActiveCfg = Release|Any CPU
		{DC3744CB-8FC7-416C-85F1-23A45C7D1049}.Release|Any CPU.Build.0 = Release|Any CPU
		{DC6F0B10-331B-4237-8D70-9A8417E417FF}.Debug|Any CPU.ActiveCfg = Debug|Any CPU
		{DC6F0B10-331B-4237-8D70-9A8417E417FF}.Debug|Any CPU.Build.0 = Debug|Any CPU
		{DC6F0B10-331B-4237-8D70-9A8417E417FF}.Release|Any CPU.ActiveCfg = Release|Any CPU
		{DC6F0B10-331B-4237-8D70-9A8417E417FF}.Release|Any CPU.Build.0 = Release|Any CPU
		{FC6331FC-0F0E-4952-A137-FB8DC4612D89}.Debug|Any CPU.ActiveCfg = Debug|Any CPU
		{FC6331FC-0F0E-4952-A137-FB8DC4612D89}.Debug|Any CPU.Build.0 = Debug|Any CPU
		{FC6331FC-0F0E-4952-A137-FB8DC4612D89}.Release|Any CPU.ActiveCfg = Release|Any CPU
		{FC6331FC-0F0E-4952-A137-FB8DC4612D89}.Release|Any CPU.Build.0 = Release|Any CPU
		{7CC2721D-DB91-4AE5-89A4-1F1B69875710}.Debug|Any CPU.ActiveCfg = Debug|Any CPU
		{7CC2721D-DB91-4AE5-89A4-1F1B69875710}.Debug|Any CPU.Build.0 = Debug|Any CPU
		{7CC2721D-DB91-4AE5-89A4-1F1B69875710}.Release|Any CPU.ActiveCfg = Release|Any CPU
		{7CC2721D-DB91-4AE5-89A4-1F1B69875710}.Release|Any CPU.Build.0 = Release|Any CPU
		{B3306C00-D9F0-4310-839A-57700B64F492}.Debug|Any CPU.ActiveCfg = Debug|Any CPU
		{B3306C00-D9F0-4310-839A-57700B64F492}.Debug|Any CPU.Build.0 = Debug|Any CPU
		{B3306C00-D9F0-4310-839A-57700B64F492}.Release|Any CPU.ActiveCfg = Release|Any CPU
		{B3306C00-D9F0-4310-839A-57700B64F492}.Release|Any CPU.Build.0 = Release|Any CPU
		{82681FD9-8545-4812-BE2B-5C3218C8AB5F}.Debug|Any CPU.ActiveCfg = Debug|Any CPU
		{82681FD9-8545-4812-BE2B-5C3218C8AB5F}.Debug|Any CPU.Build.0 = Debug|Any CPU
		{82681FD9-8545-4812-BE2B-5C3218C8AB5F}.Release|Any CPU.ActiveCfg = Release|Any CPU
		{82681FD9-8545-4812-BE2B-5C3218C8AB5F}.Release|Any CPU.Build.0 = Release|Any CPU
		{42720AC6-974E-43D3-A11B-9FA2640B04F4}.Debug|Any CPU.ActiveCfg = Debug|Any CPU
		{42720AC6-974E-43D3-A11B-9FA2640B04F4}.Debug|Any CPU.Build.0 = Debug|Any CPU
		{42720AC6-974E-43D3-A11B-9FA2640B04F4}.Release|Any CPU.ActiveCfg = Release|Any CPU
		{42720AC6-974E-43D3-A11B-9FA2640B04F4}.Release|Any CPU.Build.0 = Release|Any CPU
		{C28A762F-3172-465C-B5CD-AFBAC71AED9B}.Debug|Any CPU.ActiveCfg = Debug|Any CPU
		{C28A762F-3172-465C-B5CD-AFBAC71AED9B}.Debug|Any CPU.Build.0 = Debug|Any CPU
		{C28A762F-3172-465C-B5CD-AFBAC71AED9B}.Release|Any CPU.ActiveCfg = Release|Any CPU
		{C28A762F-3172-465C-B5CD-AFBAC71AED9B}.Release|Any CPU.Build.0 = Release|Any CPU
		{F4EEF344-58DB-457A-A70C-1EC197F9220A}.Debug|Any CPU.ActiveCfg = Debug|Any CPU
		{F4EEF344-58DB-457A-A70C-1EC197F9220A}.Debug|Any CPU.Build.0 = Debug|Any CPU
		{F4EEF344-58DB-457A-A70C-1EC197F9220A}.Release|Any CPU.ActiveCfg = Release|Any CPU
		{F4EEF344-58DB-457A-A70C-1EC197F9220A}.Release|Any CPU.Build.0 = Release|Any CPU
		{FF54AA7A-4390-44BC-B89D-6BC6E0B53830}.Debug|Any CPU.ActiveCfg = Debug|Any CPU
		{FF54AA7A-4390-44BC-B89D-6BC6E0B53830}.Debug|Any CPU.Build.0 = Debug|Any CPU
		{FF54AA7A-4390-44BC-B89D-6BC6E0B53830}.Release|Any CPU.ActiveCfg = Release|Any CPU
		{FF54AA7A-4390-44BC-B89D-6BC6E0B53830}.Release|Any CPU.Build.0 = Release|Any CPU
		{0D4C1D30-8643-4673-8A0E-4B20D1E92590}.Debug|Any CPU.ActiveCfg = Debug|Any CPU
		{0D4C1D30-8643-4673-8A0E-4B20D1E92590}.Debug|Any CPU.Build.0 = Debug|Any CPU
		{0D4C1D30-8643-4673-8A0E-4B20D1E92590}.Release|Any CPU.ActiveCfg = Release|Any CPU
		{0D4C1D30-8643-4673-8A0E-4B20D1E92590}.Release|Any CPU.Build.0 = Release|Any CPU
		{C97E6A44-B6FA-46D5-A944-8BF2F50BE3B3}.Debug|Any CPU.ActiveCfg = Debug|Any CPU
		{C97E6A44-B6FA-46D5-A944-8BF2F50BE3B3}.Debug|Any CPU.Build.0 = Debug|Any CPU
		{C97E6A44-B6FA-46D5-A944-8BF2F50BE3B3}.Release|Any CPU.ActiveCfg = Release|Any CPU
		{C97E6A44-B6FA-46D5-A944-8BF2F50BE3B3}.Release|Any CPU.Build.0 = Release|Any CPU
		{616E7FF8-3B01-410E-9544-7C7E1D831046}.Debug|Any CPU.ActiveCfg = Debug|Any CPU
		{616E7FF8-3B01-410E-9544-7C7E1D831046}.Debug|Any CPU.Build.0 = Debug|Any CPU
		{616E7FF8-3B01-410E-9544-7C7E1D831046}.Release|Any CPU.ActiveCfg = Release|Any CPU
		{616E7FF8-3B01-410E-9544-7C7E1D831046}.Release|Any CPU.Build.0 = Release|Any CPU
		{D513AFD7-74E9-4521-BD22-C345BEB5E199}.Debug|Any CPU.ActiveCfg = Debug|Any CPU
		{D513AFD7-74E9-4521-BD22-C345BEB5E199}.Debug|Any CPU.Build.0 = Debug|Any CPU
		{D513AFD7-74E9-4521-BD22-C345BEB5E199}.Release|Any CPU.ActiveCfg = Release|Any CPU
		{D513AFD7-74E9-4521-BD22-C345BEB5E199}.Release|Any CPU.Build.0 = Release|Any CPU
		{3F3C7662-9C1F-49C4-BBAE-CAE5C30E398A}.Debug|Any CPU.ActiveCfg = Debug|Any CPU
		{3F3C7662-9C1F-49C4-BBAE-CAE5C30E398A}.Debug|Any CPU.Build.0 = Debug|Any CPU
		{3F3C7662-9C1F-49C4-BBAE-CAE5C30E398A}.Release|Any CPU.ActiveCfg = Release|Any CPU
		{3F3C7662-9C1F-49C4-BBAE-CAE5C30E398A}.Release|Any CPU.Build.0 = Release|Any CPU
		{61CDDADF-E5E9-48D0-A839-B501A2DB20DC}.Debug|Any CPU.ActiveCfg = Debug|Any CPU
		{61CDDADF-E5E9-48D0-A839-B501A2DB20DC}.Debug|Any CPU.Build.0 = Debug|Any CPU
		{61CDDADF-E5E9-48D0-A839-B501A2DB20DC}.Release|Any CPU.ActiveCfg = Release|Any CPU
		{61CDDADF-E5E9-48D0-A839-B501A2DB20DC}.Release|Any CPU.Build.0 = Release|Any CPU
		{DD9C6DB6-004D-4142-93A8-C49D36BE90B7}.Debug|Any CPU.ActiveCfg = Debug|Any CPU
		{DD9C6DB6-004D-4142-93A8-C49D36BE90B7}.Debug|Any CPU.Build.0 = Debug|Any CPU
		{DD9C6DB6-004D-4142-93A8-C49D36BE90B7}.Release|Any CPU.ActiveCfg = Release|Any CPU
		{DD9C6DB6-004D-4142-93A8-C49D36BE90B7}.Release|Any CPU.Build.0 = Release|Any CPU
		{00255758-5C7A-41C0-807C-EA35A012707A}.Debug|Any CPU.ActiveCfg = Debug|Any CPU
		{00255758-5C7A-41C0-807C-EA35A012707A}.Debug|Any CPU.Build.0 = Debug|Any CPU
		{00255758-5C7A-41C0-807C-EA35A012707A}.Release|Any CPU.ActiveCfg = Release|Any CPU
		{00255758-5C7A-41C0-807C-EA35A012707A}.Release|Any CPU.Build.0 = Release|Any CPU
		{BD4BDFA1-57B7-4107-9E1D-C2D041FF915A}.Debug|Any CPU.ActiveCfg = Debug|Any CPU
		{BD4BDFA1-57B7-4107-9E1D-C2D041FF915A}.Debug|Any CPU.Build.0 = Debug|Any CPU
		{BD4BDFA1-57B7-4107-9E1D-C2D041FF915A}.Release|Any CPU.ActiveCfg = Release|Any CPU
		{BD4BDFA1-57B7-4107-9E1D-C2D041FF915A}.Release|Any CPU.Build.0 = Release|Any CPU
		{161384B8-8B17-4CB3-8009-E709E4D38621}.Debug|Any CPU.ActiveCfg = Debug|Any CPU
		{161384B8-8B17-4CB3-8009-E709E4D38621}.Debug|Any CPU.Build.0 = Debug|Any CPU
		{161384B8-8B17-4CB3-8009-E709E4D38621}.Release|Any CPU.ActiveCfg = Release|Any CPU
		{161384B8-8B17-4CB3-8009-E709E4D38621}.Release|Any CPU.Build.0 = Release|Any CPU
		{14AF4E68-6312-41F0-AFDA-E94BF04F3D1F}.Debug|Any CPU.ActiveCfg = Debug|Any CPU
		{14AF4E68-6312-41F0-AFDA-E94BF04F3D1F}.Debug|Any CPU.Build.0 = Debug|Any CPU
		{14AF4E68-6312-41F0-AFDA-E94BF04F3D1F}.Release|Any CPU.ActiveCfg = Release|Any CPU
		{14AF4E68-6312-41F0-AFDA-E94BF04F3D1F}.Release|Any CPU.Build.0 = Release|Any CPU
		{782FCCD5-5FF0-479B-9F89-AEEB8A5CF666}.Debug|Any CPU.ActiveCfg = Debug|Any CPU
		{782FCCD5-5FF0-479B-9F89-AEEB8A5CF666}.Debug|Any CPU.Build.0 = Debug|Any CPU
		{782FCCD5-5FF0-479B-9F89-AEEB8A5CF666}.Release|Any CPU.ActiveCfg = Release|Any CPU
		{782FCCD5-5FF0-479B-9F89-AEEB8A5CF666}.Release|Any CPU.Build.0 = Release|Any CPU
		{76B50D2C-7C08-44E4-B447-8C5DF07F620A}.Debug|Any CPU.ActiveCfg = Debug|Any CPU
		{76B50D2C-7C08-44E4-B447-8C5DF07F620A}.Debug|Any CPU.Build.0 = Debug|Any CPU
		{76B50D2C-7C08-44E4-B447-8C5DF07F620A}.Release|Any CPU.ActiveCfg = Release|Any CPU
		{76B50D2C-7C08-44E4-B447-8C5DF07F620A}.Release|Any CPU.Build.0 = Release|Any CPU
		{DE77DACD-2F86-4C4C-A05D-560147B553CB}.Debug|Any CPU.ActiveCfg = Debug|Any CPU
		{DE77DACD-2F86-4C4C-A05D-560147B553CB}.Debug|Any CPU.Build.0 = Debug|Any CPU
		{DE77DACD-2F86-4C4C-A05D-560147B553CB}.Release|Any CPU.ActiveCfg = Release|Any CPU
		{DE77DACD-2F86-4C4C-A05D-560147B553CB}.Release|Any CPU.Build.0 = Release|Any CPU
		{29026F6D-6064-48EE-960F-226AF31A928B}.Debug|Any CPU.ActiveCfg = Debug|Any CPU
		{29026F6D-6064-48EE-960F-226AF31A928B}.Debug|Any CPU.Build.0 = Debug|Any CPU
		{29026F6D-6064-48EE-960F-226AF31A928B}.Release|Any CPU.ActiveCfg = Release|Any CPU
		{29026F6D-6064-48EE-960F-226AF31A928B}.Release|Any CPU.Build.0 = Release|Any CPU
		{E814F1DA-466A-4E4E-975C-A9B47133526C}.Debug|Any CPU.ActiveCfg = Debug|Any CPU
		{E814F1DA-466A-4E4E-975C-A9B47133526C}.Debug|Any CPU.Build.0 = Debug|Any CPU
		{E814F1DA-466A-4E4E-975C-A9B47133526C}.Release|Any CPU.ActiveCfg = Release|Any CPU
		{E814F1DA-466A-4E4E-975C-A9B47133526C}.Release|Any CPU.Build.0 = Release|Any CPU
		{FC8BEDE0-F5CC-4274-BAA6-3C87EBDFC10D}.Debug|Any CPU.ActiveCfg = Debug|Any CPU
		{FC8BEDE0-F5CC-4274-BAA6-3C87EBDFC10D}.Debug|Any CPU.Build.0 = Debug|Any CPU
		{FC8BEDE0-F5CC-4274-BAA6-3C87EBDFC10D}.Release|Any CPU.ActiveCfg = Release|Any CPU
		{FC8BEDE0-F5CC-4274-BAA6-3C87EBDFC10D}.Release|Any CPU.Build.0 = Release|Any CPU
	EndGlobalSection
	GlobalSection(SolutionProperties) = preSolution
		HideSolutionNode = FALSE
	EndGlobalSection
	GlobalSection(NestedProjects) = preSolution
		{1840C087-2106-44AA-B66C-8F226C1E2663} = {5FFE95AE-E99A-4194-A90E-C78315C7045E}
		{E8365AF4-0DFF-475B-A983-611912830C36} = {5FFE95AE-E99A-4194-A90E-C78315C7045E}
		{62D02C61-E25C-4162-9CB0-F86C89E76B89} = {1840C087-2106-44AA-B66C-8F226C1E2663}
		{A3DDC0BA-47FC-4199-8488-0DFF077F3E9B} = {1840C087-2106-44AA-B66C-8F226C1E2663}
		{1EC4C995-75E2-4108-8451-BC9C7B34194A} = {1840C087-2106-44AA-B66C-8F226C1E2663}
		{7DF616BD-42E3-4498-8355-73FCBB969BAE} = {1840C087-2106-44AA-B66C-8F226C1E2663}
		{CF9B2405-016C-4AE9-BD1C-14899EC71ACE} = {1840C087-2106-44AA-B66C-8F226C1E2663}
		{BE3606FE-F0B4-44B6-A730-8F912F7D0679} = {1840C087-2106-44AA-B66C-8F226C1E2663}
		{16B1D740-569B-4F75-B77F-54C0C9B04C33} = {1840C087-2106-44AA-B66C-8F226C1E2663}
		{0419870C-5151-417B-A810-1695A93CA614} = {1840C087-2106-44AA-B66C-8F226C1E2663}
		{7171FD2E-CA42-44BF-B0E3-CE6C7CA2F448} = {1840C087-2106-44AA-B66C-8F226C1E2663}
		{FD084BFA-063E-4EAE-8286-9B22ABAFC17D} = {1840C087-2106-44AA-B66C-8F226C1E2663}
		{C518B70B-64D1-48C9-88DC-27ABA6A19946} = {E8365AF4-0DFF-475B-A983-611912830C36}
		{43DEDE5C-4DCC-4C33-B3CD-9B860ED9FE82} = {E8365AF4-0DFF-475B-A983-611912830C36}
		{65E12C91-4964-4F77-A0B8-3EB747E4DF20} = {E8365AF4-0DFF-475B-A983-611912830C36}
		{91FE1257-C55C-4262-AB4C-231DA18248B4} = {E8365AF4-0DFF-475B-A983-611912830C36}
		{3084DE63-3658-490C-8840-B810833385B0} = {E8365AF4-0DFF-475B-A983-611912830C36}
		{D254B3E6-11ED-4544-A77E-478F1300062B} = {7FC3904D-EAD2-42CA-B712-BDA1C884732D}
		{0262A9C6-A6B6-4BC0-9925-9EF156E650CF} = {D254B3E6-11ED-4544-A77E-478F1300062B}
		{29041A0F-711B-48B1-B779-67FD0816B322} = {D254B3E6-11ED-4544-A77E-478F1300062B}
		{852FB33C-5FEE-4024-AD26-F9E52FAD3B8F} = {D254B3E6-11ED-4544-A77E-478F1300062B}
		{4222D800-A486-452A-BFA5-45F3E17EE5ED} = {D254B3E6-11ED-4544-A77E-478F1300062B}
		{2F865216-B51E-4B6E-90BF-00F109B862A7} = {D254B3E6-11ED-4544-A77E-478F1300062B}
		{7A4815A5-1D67-40D4-8504-0BAAA9E093E4} = {7FC3904D-EAD2-42CA-B712-BDA1C884732D}
		{3E5883FB-08DC-476D-9FD2-8A27A4A18EA5} = {7A4815A5-1D67-40D4-8504-0BAAA9E093E4}
		{E611D774-1577-4061-9D49-90BFE2532389} = {7A4815A5-1D67-40D4-8504-0BAAA9E093E4}
		{9DBB8A09-A99D-4B77-89C2-C037B8EC53BF} = {7A4815A5-1D67-40D4-8504-0BAAA9E093E4}
		{7F989B67-62CC-4849-9BF6-BFA8FF398A1F} = {7A4815A5-1D67-40D4-8504-0BAAA9E093E4}
		{A59E8B9A-8182-4657-BB95-96412E2F6E90} = {7A4815A5-1D67-40D4-8504-0BAAA9E093E4}
		{B3468153-365F-4E3B-A4AF-301D0B76678B} = {D96A830D-79C7-4016-A7E4-B8F1BC7C5697}
		{39129CAD-6B6A-47A6-AC45-16DF763D430E} = {D96A830D-79C7-4016-A7E4-B8F1BC7C5697}
		{6497D873-97E3-46A4-BA02-27A359B7E594} = {E8365AF4-0DFF-475B-A983-611912830C36}
		{BDA9DF57-0A0E-4C7E-B84A-B2F13DAF90D0} = {E8365AF4-0DFF-475B-A983-611912830C36}
		{8C2CDB5A-AEFB-4746-83D8-0F85AAE82FE9} = {E8365AF4-0DFF-475B-A983-611912830C36}
		{DADA5382-3224-42B8-BF63-C2E2CCC0FB3F} = {E8365AF4-0DFF-475B-A983-611912830C36}
		{E1BEF1A5-2217-4FE0-AA2A-DA13E170E2AC} = {E8365AF4-0DFF-475B-A983-611912830C36}
		{037DBCC1-7D36-4E9F-AA37-5D77D08DB1A4} = {6D480678-2F07-4E19-86E0-9AFA6A0C1FDF}
		{80B5729B-CF76-4FA8-8984-2FAC6770655A} = {DDDE1D91-CC81-44E7-92D9-8F1FB173FAA7}
		{7EE54EED-1A54-4254-AB57-CB1945A06A9C} = {80B5729B-CF76-4FA8-8984-2FAC6770655A}
		{BB980398-E6EA-4DE3-ACAC-E045633B24C6} = {80B5729B-CF76-4FA8-8984-2FAC6770655A}
		{204A16CB-0C7D-452B-BD66-672678208528} = {80B5729B-CF76-4FA8-8984-2FAC6770655A}
		{59424D99-A366-40C7-8E6E-EC3CF4C77767} = {80B5729B-CF76-4FA8-8984-2FAC6770655A}
		{EF1E2C54-7E4A-4C43-9B51-CABD207EAE10} = {80B5729B-CF76-4FA8-8984-2FAC6770655A}
		{D6E55353-F2CF-44A5-B679-7F1B6C7AAE80} = {80B5729B-CF76-4FA8-8984-2FAC6770655A}
		{29C3A526-AF5B-453A-B0A0-B78457FC6399} = {80B5729B-CF76-4FA8-8984-2FAC6770655A}
		{A6E4CE6F-B676-468D-8E30-E607912B3923} = {80B5729B-CF76-4FA8-8984-2FAC6770655A}
		{172DA2A2-07EF-44A9-8486-8BB2215A1FED} = {80B5729B-CF76-4FA8-8984-2FAC6770655A}
		{9352B4D1-0261-4ABE-BAAD-A29E13BFF44A} = {80B5729B-CF76-4FA8-8984-2FAC6770655A}
		{327535E4-CCB6-4222-81D0-F86E043A1389} = {DDDE1D91-CC81-44E7-92D9-8F1FB173FAA7}
		{DC3744CB-8FC7-416C-85F1-23A45C7D1049} = {327535E4-CCB6-4222-81D0-F86E043A1389}
		{DC6F0B10-331B-4237-8D70-9A8417E417FF} = {327535E4-CCB6-4222-81D0-F86E043A1389}
		{FC6331FC-0F0E-4952-A137-FB8DC4612D89} = {327535E4-CCB6-4222-81D0-F86E043A1389}
		{7CC2721D-DB91-4AE5-89A4-1F1B69875710} = {327535E4-CCB6-4222-81D0-F86E043A1389}
		{B3306C00-D9F0-4310-839A-57700B64F492} = {327535E4-CCB6-4222-81D0-F86E043A1389}
		{B56F61B6-FBB8-459B-BA37-5C71BA664F9B} = {DDDE1D91-CC81-44E7-92D9-8F1FB173FAA7}
		{82681FD9-8545-4812-BE2B-5C3218C8AB5F} = {B56F61B6-FBB8-459B-BA37-5C71BA664F9B}
		{42720AC6-974E-43D3-A11B-9FA2640B04F4} = {B56F61B6-FBB8-459B-BA37-5C71BA664F9B}
		{C28A762F-3172-465C-B5CD-AFBAC71AED9B} = {B56F61B6-FBB8-459B-BA37-5C71BA664F9B}
		{F4EEF344-58DB-457A-A70C-1EC197F9220A} = {B56F61B6-FBB8-459B-BA37-5C71BA664F9B}
		{FF54AA7A-4390-44BC-B89D-6BC6E0B53830} = {B56F61B6-FBB8-459B-BA37-5C71BA664F9B}
		{FF6F1F85-CC53-449E-B457-087E4435481C} = {4599859E-BBE7-4E1E-9055-B38F0246EC3F}
		{0D4C1D30-8643-4673-8A0E-4B20D1E92590} = {FF6F1F85-CC53-449E-B457-087E4435481C}
		{C97E6A44-B6FA-46D5-A944-8BF2F50BE3B3} = {FF6F1F85-CC53-449E-B457-087E4435481C}
		{616E7FF8-3B01-410E-9544-7C7E1D831046} = {FF6F1F85-CC53-449E-B457-087E4435481C}
		{D513AFD7-74E9-4521-BD22-C345BEB5E199} = {FF6F1F85-CC53-449E-B457-087E4435481C}
		{3F3C7662-9C1F-49C4-BBAE-CAE5C30E398A} = {FF6F1F85-CC53-449E-B457-087E4435481C}
		{61CDDADF-E5E9-48D0-A839-B501A2DB20DC} = {FF6F1F85-CC53-449E-B457-087E4435481C}
		{DD9C6DB6-004D-4142-93A8-C49D36BE90B7} = {FF6F1F85-CC53-449E-B457-087E4435481C}
		{00255758-5C7A-41C0-807C-EA35A012707A} = {FF6F1F85-CC53-449E-B457-087E4435481C}
		{BD4BDFA1-57B7-4107-9E1D-C2D041FF915A} = {FF6F1F85-CC53-449E-B457-087E4435481C}
		{161384B8-8B17-4CB3-8009-E709E4D38621} = {D96A830D-79C7-4016-A7E4-B8F1BC7C5697}
		{14AF4E68-6312-41F0-AFDA-E94BF04F3D1F} = {A1EA1389-7344-4644-90E4-95D9802B218B}
		{782FCCD5-5FF0-479B-9F89-AEEB8A5CF666} = {D96A830D-79C7-4016-A7E4-B8F1BC7C5697}
		{76B50D2C-7C08-44E4-B447-8C5DF07F620A} = {D96A830D-79C7-4016-A7E4-B8F1BC7C5697}
		{DE77DACD-2F86-4C4C-A05D-560147B553CB} = {A451B5CC-19F0-478E-85E9-C4D624E53F47}
		{29026F6D-6064-48EE-960F-226AF31A928B} = {D96A830D-79C7-4016-A7E4-B8F1BC7C5697}
		{E814F1DA-466A-4E4E-975C-A9B47133526C} = {D96A830D-79C7-4016-A7E4-B8F1BC7C5697}
		{FC8BEDE0-F5CC-4274-BAA6-3C87EBDFC10D} = {D96A830D-79C7-4016-A7E4-B8F1BC7C5697}
	EndGlobalSection
	GlobalSection(ExtensibilityGlobals) = postSolution
		SolutionGuid = {66653543-083B-4F5A-ABB8-540B784DF301}
	EndGlobalSection
EndGlobal
